
Microsoft Visual Studio Solution File, Format Version 12.00
# Visual Studio 15
VisualStudioVersion = 15.0.28307.271
MinimumVisualStudioVersion = 10.0.40219.1
Project("{FAE04EC0-301F-11D3-BF4B-00C04F79EFBC}") = "Automobili_svojstva", "Automobili_svojstva\Automobili_svojstva.csproj", "{614FC25F-E039-4C09-AC8E-056C71BB7C9E}"
EndProject
Global
	GlobalSection(SolutionConfigurationPlatforms) = preSolution
		Debug|Any CPU = Debug|Any CPU
		Release|Any CPU = Release|Any CPU
	EndGlobalSection
	GlobalSection(ProjectConfigurationPlatforms) = postSolution
		{614FC25F-E039-4C09-AC8E-056C71BB7C9E}.Debug|Any CPU.ActiveCfg = Debug|Any CPU
		{614FC25F-E039-4C09-AC8E-056C71BB7C9E}.Debug|Any CPU.Build.0 = Debug|Any CPU
		{614FC25F-E039-4C09-AC8E-056C71BB7C9E}.Release|Any CPU.ActiveCfg = Release|Any CPU
		{614FC25F-E039-4C09-AC8E-056C71BB7C9E}.Release|Any CPU.Build.0 = Release|Any CPU
	EndGlobalSection
	GlobalSection(SolutionProperties) = preSolution
		HideSolutionNode = FALSE
	EndGlobalSection
	GlobalSection(ExtensibilityGlobals) = postSolution
		SolutionGuid = {0011B182-0C5C-411F-A0F2-C5C68F65A6B1}
	EndGlobalSection
EndGlobal
